
Microsoft Visual Studio Solution File, Format Version 12.00
# Visual Studio Version 17
VisualStudioVersion = 17.10.34928.147
MinimumVisualStudioVersion = 10.0.40219.1
Project("{FAE04EC0-301F-11D3-BF4B-00C04F79EFBC}") = "WebApplication11", "WebApplication11\WebApplication11.csproj", "{FFF0D385-5F62-4FF1-99FF-48C3EFEE2B96}"
EndProject
Global
	GlobalSection(SolutionConfigurationPlatforms) = preSolution
		Debug|Any CPU = Debug|Any CPU
		Release|Any CPU = Release|Any CPU
	EndGlobalSection
	GlobalSection(ProjectConfigurationPlatforms) = postSolution
		{FFF0D385-5F62-4FF1-99FF-48C3EFEE2B96}.Debug|Any CPU.ActiveCfg = Debug|Any CPU
		{FFF0D385-5F62-4FF1-99FF-48C3EFEE2B96}.Debug|Any CPU.Build.0 = Debug|Any CPU
		{FFF0D385-5F62-4FF1-99FF-48C3EFEE2B96}.Release|Any CPU.ActiveCfg = Release|Any CPU
		{FFF0D385-5F62-4FF1-99FF-48C3EFEE2B96}.Release|Any CPU.Build.0 = Release|Any CPU
	EndGlobalSection
	GlobalSection(SolutionProperties) = preSolution
		HideSolutionNode = FALSE
	EndGlobalSection
	GlobalSection(ExtensibilityGlobals) = postSolution
		SolutionGuid = {0E2A2CFB-D9D6-4DFC-A3F0-7E7391879880}
	EndGlobalSection
EndGlobal
